// !$*UTF8*$!
{
	archiveVersion = 1;
	classes = {
	};
	objectVersion = 46;
	objects = {

/* Begin PBXBuildFile section */
		9DF1F54D1E81CBBD00169462 /* AppDelegate.swift in Sources */ = {isa = PBXBuildFile; fileRef = 9DF1F54C1E81CBBD00169462 /* AppDelegate.swift */; };
		9DF1F54F1E81CBBD00169462 /* ViewController.swift in Sources */ = {isa = PBXBuildFile; fileRef = 9DF1F54E1E81CBBD00169462 /* ViewController.swift */; };
		9DF1F5521E81CBBD00169462 /* Main.storyboard in Resources */ = {isa = PBXBuildFile; fileRef = 9DF1F5501E81CBBD00169462 /* Main.storyboard */; };
		9DF1F5541E81CBBD00169462 /* Assets.xcassets in Resources */ = {isa = PBXBuildFile; fileRef = 9DF1F5531E81CBBD00169462 /* Assets.xcassets */; };
		9DF1F5571E81CBBD00169462 /* LaunchScreen.storyboard in Resources */ = {isa = PBXBuildFile; fileRef = 9DF1F5551E81CBBD00169462 /* LaunchScreen.storyboard */; };
/* End PBXBuildFile section */

/* Begin PBXFileReference section */
		9DF1F5491E81CBBD00169462 /* PokemonSearch.app */ = {isa = PBXFileReference; explicitFileType = wrapper.application; includeInIndex = 0; path = PokemonSearch.app; sourceTree = BUILT_PRODUCTS_DIR; };
		9DF1F54C1E81CBBD00169462 /* AppDelegate.swift */ = {isa = PBXFileReference; lastKnownFileType = sourcecode.swift; path = AppDelegate.swift; sourceTree = "<group>"; };
		9DF1F54E1E81CBBD00169462 /* ViewController.swift */ = {isa = PBXFileReference; lastKnownFileType = sourcecode.swift; path = ViewController.swift; sourceTree = "<group>"; };
		9DF1F5511E81CBBD00169462 /* Base */ = {isa = PBXFileReference; lastKnownFileType = file.storyboard; name = Base; path = Base.lproj/Main.storyboard; sourceTree = "<group>"; };
		9DF1F5531E81CBBD00169462 /* Assets.xcassets */ = {isa = PBXFileReference; lastKnownFileType = folder.assetcatalog; path = Assets.xcassets; sourceTree = "<group>"; };
		9DF1F5561E81CBBD00169462 /* Base */ = {isa = PBXFileReference; lastKnownFileType = file.storyboard; name = Base; path = Base.lproj/LaunchScreen.storyboard; sourceTree = "<group>"; };
		9DF1F5581E81CBBD00169462 /* Info.plist */ = {isa = PBXFileReference; lastKnownFileType = text.plist.xml; path = Info.plist; sourceTree = "<group>"; };
/* End PBXFileReference section */

/* Begin PBXFrameworksBuildPhase section */
		9DF1F5461E81CBBD00169462 /* Frameworks */ = {
			isa = PBXFrameworksBuildPhase;
			buildActionMask = 2147483647;
			files = (
			);
			runOnlyForDeploymentPostprocessing = 0;
		};
/* End PBXFrameworksBuildPhase section */

/* Begin PBXGroup section */
		9DF1F5401E81CBBD00169462 = {
			isa = PBXGroup;
			children = (
				9DF1F54B1E81CBBD00169462 /* PokemonSearch */,
				9DF1F54A1E81CBBD00169462 /* Products */,
			);
			sourceTree = "<group>";
		};
		9DF1F54A1E81CBBD00169462 /* Products */ = {
			isa = PBXGroup;
			children = (
				9DF1F5491E81CBBD00169462 /* PokemonSearch.app */,
			);
			name = Products;
			sourceTree = "<group>";
		};
		9DF1F54B1E81CBBD00169462 /* PokemonSearch */ = {
			isa = PBXGroup;
			children = (
				9DF1F54C1E81CBBD00169462 /* AppDelegate.swift */,
				9DF1F54E1E81CBBD00169462 /* ViewController.swift */,
				9DF1F5501E81CBBD00169462 /* Main.storyboard */,
				9DF1F5531E81CBBD00169462 /* Assets.xcassets */,
				9DF1F5551E81CBBD00169462 /* LaunchScreen.storyboard */,
				9DF1F5581E81CBBD00169462 /* Info.plist */,
			);
			path = PokemonSearch;
			sourceTree = "<group>";
		};
/* End PBXGroup section */

/* Begin PBXNativeTarget section */
		9DF1F5481E81CBBD00169462 /* PokemonSearch */ = {
			isa = PBXNativeTarget;
			buildConfigurationList = 9DF1F55B1E81CBBD00169462 /* Build configuration list for PBXNativeTarget "PokemonSearch" */;
			buildPhases = (
				9DF1F5451E81CBBD00169462 /* Sources */,
				9DF1F5461E81CBBD00169462 /* Frameworks */,
				9DF1F5471E81CBBD00169462 /* Resources */,
			);
			buildRules = (
			);
			dependencies = (
			);
			name = PokemonSearch;
			productName = PokemonSearch;
			productReference = 9DF1F5491E81CBBD00169462 /* PokemonSearch.app */;
			productType = "com.apple.product-type.application";
		};
/* End PBXNativeTarget section */

/* Begin PBXProject section */
		9DF1F5411E81CBBD00169462 /* Project object */ = {
			isa = PBXProject;
			attributes = {
				LastSwiftUpdateCheck = 0820;
				LastUpgradeCheck = 0820;
				ORGANIZATIONNAME = "taras team";
				TargetAttributes = {
					9DF1F5481E81CBBD00169462 = {
						CreatedOnToolsVersion = 8.2.1;
						DevelopmentTeam = L5H8Z4UVXQ;
						ProvisioningStyle = Automatic;
					};
				};
			};
			buildConfigurationList = 9DF1F5441E81CBBD00169462 /* Build configuration list for PBXProject "PokemonSearch" */;
			compatibilityVersion = "Xcode 3.2";
			developmentRegion = English;
			hasScannedForEncodings = 0;
			knownRegions = (
				en,
				Base,
			);
			mainGroup = 9DF1F5401E81CBBD00169462;
			productRefGroup = 9DF1F54A1E81CBBD00169462 /* Products */;
			projectDirPath = "";
			projectRoot = "";
			targets = (
				9DF1F5481E81CBBD00169462 /* PokemonSearch */,
			);
		};
/* End PBXProject section */

/* Begin PBXResourcesBuildPhase section */
		9DF1F5471E81CBBD00169462 /* Resources */ = {
			isa = PBXResourcesBuildPhase;
			buildActionMask = 2147483647;
			files = (
				9DF1F5571E81CBBD00169462 /* LaunchScreen.storyboard in Resources */,
				9DF1F5541E81CBBD00169462 /* Assets.xcassets in Resources */,
				9DF1F5521E81CBBD00169462 /* Main.storyboard in Resources */,
			);
			runOnlyForDeploymentPostprocessing = 0;
		};
/* End PBXResourcesBuildPhase section */

/* Begin PBXSourcesBuildPhase section */
		9DF1F5451E81CBBD00169462 /* Sources */ = {
			isa = PBXSourcesBuildPhase;
			buildActionMask = 2147483647;
			files = (
				9DF1F54F1E81CBBD00169462 /* ViewController.swift in Sources */,
				9DF1F54D1E81CBBD00169462 /* AppDelegate.swift in Sources */,
			);
			runOnlyForDeploymentPostprocessing = 0;
		};
/* End PBXSourcesBuildPhase section */

/* Begin PBXVariantGroup section */
		9DF1F5501E81CBBD00169462 /* Main.storyboard */ = {
			isa = PBXVariantGroup;
			children = (
				9DF1F5511E81CBBD00169462 /* Base */,
			);
			name = Main.storyboard;
			sourceTree = "<group>";
		};
		9DF1F5551E81CBBD00169462 /* LaunchScreen.storyboard */ = {
			isa = PBXVariantGroup;
			children = (
				9DF1F5561E81CBBD00169462 /* Base */,
			);
			name = LaunchScreen.storyboard;
			sourceTree = "<group>";
		};
/* End PBXVariantGroup section */

/* Begin XCBuildConfiguration section */
		9DF1F5591E81CBBD00169462 /* Debug */ = {
			isa = XCBuildConfiguration;
			buildSettings = {
				ALWAYS_SEARCH_USER_PATHS = NO;
				CLANG_ANALYZER_NONNULL = YES;
				CLANG_CXX_LANGUAGE_STANDARD = "gnu++0x";
				CLANG_CXX_LIBRARY = "libc++";
				CLANG_ENABLE_MODULES = YES;
				CLANG_ENABLE_OBJC_ARC = YES;
				CLANG_WARN_BOOL_CONVERSION = YES;
				CLANG_WARN_CONSTANT_CONVERSION = YES;
				CLANG_WARN_DIRECT_OBJC_ISA_USAGE = YES_ERROR;
				CLANG_WARN_DOCUMENTATION_COMMENTS = YES;
				CLANG_WARN_EMPTY_BODY = YES;
				CLANG_WARN_ENUM_CONVERSION = YES;
				CLANG_WARN_INFINITE_RECURSION = YES;
				CLANG_WARN_INT_CONVERSION = YES;
				CLANG_WARN_OBJC_ROOT_CLASS = YES_ERROR;
				CLANG_WARN_SUSPICIOUS_MOVE = YES;
				CLANG_WARN_UNREACHABLE_CODE = YES;
				CLANG_WARN__DUPLICATE_METHOD_MATCH = YES;
				"CODE_SIGN_IDENTITY[sdk=iphoneos*]" = "iPhone Developer";
				COPY_PHASE_STRIP = NO;
				DEBUG_INFORMATION_FORMAT = dwarf;
				ENABLE_STRICT_OBJC_MSGSEND = YES;
				ENABLE_TESTABILITY = YES;
				GCC_C_LANGUAGE_STANDARD = gnu99;
				GCC_DYNAMIC_NO_PIC = NO;
				GCC_NO_COMMON_BLOCKS = YES;
				GCC_OPTIMIZATION_LEVEL = 0;
				GCC_PREPROCESSOR_DEFINITIONS = (
					"DEBUG=1",
					"$(inherited)",
				);
				GCC_WARN_64_TO_32_BIT_CONVERSION = YES;
				GCC_WARN_ABOUT_RETURN_TYPE = YES_ERROR;
				GCC_WARN_UNDECLARED_SELECTOR = YES;
				GCC_WARN_UNINITIALIZED_AUTOS = YES_AGGRESSIVE;
				GCC_WARN_UNUSED_FUNCTION = YES;
				GCC_WARN_UNUSED_VARIABLE = YES;
				IPHONEOS_DEPLOYMENT_TARGET = 10.2;
				MTL_ENABLE_DEBUG_INFO = YES;
				ONLY_ACTIVE_ARCH = YES;
				SDKROOT = iphoneos;
				SWIFT_ACTIVE_COMPILATION_CONDITIONS = DEBUG;
				SWIFT_OPTIMIZATION_LEVEL = "-Onone";
				TARGETED_DEVICE_FAMILY = "1,2";
			};
			name = Debug;
		};
		9DF1F55A1E81CBBD00169462 /* Release */ = {
			isa = XCBuildConfiguration;
			buildSettings = {
				ALWAYS_SEARCH_USER_PATHS = NO;
				CLANG_ANALYZER_NONNULL = YES;
				CLANG_CXX_LANGUAGE_STANDARD = "gnu++0x";
				CLANG_CXX_LIBRARY = "libc++";
				CLANG_ENABLE_MODULES = YES;
				CLANG_ENABLE_OBJC_ARC = YES;
				CLANG_WARN_BOOL_CONVERSION = YES;
				CLANG_WARN_CONSTANT_CONVERSION = YES;
				CLANG_WARN_DIRECT_OBJC_ISA_USAGE = YES_ERROR;
				CLANG_WARN_DOCUMENTATION_COMMENTS = YES;
				CLANG_WARN_EMPTY_BODY = YES;
				CLANG_WARN_ENUM_CONVERSION = YES;
				CLANG_WARN_INFINITE_RECURSION = YES;
				CLANG_WARN_INT_CONVERSION = YES;
				CLANG_WARN_OBJC_ROOT_CLASS = YES_ERROR;
				CLANG_WARN_SUSPICIOUS_MOVE = YES;
				CLANG_WARN_UNREACHABLE_CODE = YES;
				CLANG_WARN__DUPLICATE_METHOD_MATCH = YES;
				"CODE_SIGN_IDENTITY[sdk=iphoneos*]" = "iPhone Developer";
				COPY_PHASE_STRIP = NO;
				DEBUG_INFORMATION_FORMAT = "dwarf-with-dsym";
				ENABLE_NS_ASSERTIONS = NO;
				ENABLE_STRICT_OBJC_MSGSEND = YES;
				GCC_C_LANGUAGE_STANDARD = gnu99;
				GCC_NO_COMMON_BLOCKS = YES;
				GCC_WARN_64_TO_32_BIT_CONVERSION = YES;
				GCC_WARN_ABOUT_RETURN_TYPE = YES_ERROR;
				GCC_WARN_UNDECLARED_SELECTOR = YES;
				GCC_WARN_UNINITIALIZED_AUTOS = YES_AGGRESSIVE;
				GCC_WARN_UNUSED_FUNCTION = YES;
				GCC_WARN_UNUSED_VARIABLE = YES;
				IPHONEOS_DEPLOYMENT_TARGET = 10.2;
				MTL_ENABLE_DEBUG_INFO = NO;
				SDKROOT = iphoneos;
				SWIFT_OPTIMIZATION_LEVEL = "-Owholemodule";
				TARGETED_DEVICE_FAMILY = "1,2";
				VALIDATE_PRODUCT = YES;
			};
			name = Release;
		};
		9DF1F55C1E81CBBD00169462 /* Debug */ = {
			isa = XCBuildConfiguration;
			buildSettings = {
				ASSETCATALOG_COMPILER_APPICON_NAME = AppIcon;
				DEVELOPMENT_TEAM = L5H8Z4UVXQ;
				INFOPLIST_FILE = PokemonSearch/Info.plist;
				LD_RUNPATH_SEARCH_PATHS = "$(inherited) @executable_path/Frameworks";
				PRODUCT_BUNDLE_IDENTIFIER = com.tarasapp.PokemonSearch;
				PRODUCT_NAME = "$(TARGET_NAME)";
				SWIFT_VERSION = 3.0;
			};
			name = Debug;
		};
		9DF1F55D1E81CBBD00169462 /* Release */ = {
			isa = XCBuildConfiguration;
			buildSettings = {
				ASSETCATALOG_COMPILER_APPICON_NAME = AppIcon;
				DEVELOPMENT_TEAM = L5H8Z4UVXQ;
				INFOPLIST_FILE = PokemonSearch/Info.plist;
				LD_RUNPATH_SEARCH_PATHS = "$(inherited) @executable_path/Frameworks";
				PRODUCT_BUNDLE_IDENTIFIER = com.tarasapp.PokemonSearch;
				PRODUCT_NAME = "$(TARGET_NAME)";
				SWIFT_VERSION = 3.0;
			};
			name = Release;
		};
/* End XCBuildConfiguration section */

/* Begin XCConfigurationList section */
		9DF1F5441E81CBBD00169462 /* Build configuration list for PBXProject "PokemonSearch" */ = {
			isa = XCConfigurationList;
			buildConfigurations = (
				9DF1F5591E81CBBD00169462 /* Debug */,
				9DF1F55A1E81CBBD00169462 /* Release */,
			);
			defaultConfigurationIsVisible = 0;
			defaultConfigurationName = Release;
		};
		9DF1F55B1E81CBBD00169462 /* Build configuration list for PBXNativeTarget "PokemonSearch" */ = {
			isa = XCConfigurationList;
			buildConfigurations = (
				9DF1F55C1E81CBBD00169462 /* Debug */,
				9DF1F55D1E81CBBD00169462 /* Release */,
			);
			defaultConfigurationIsVisible = 0;
		};
/* End XCConfigurationList section */
	};
	rootObject = 9DF1F5411E81CBBD00169462 /* Project object */;
}
